PODS:
  - boost (1.76.0)
  - BVLinearGradient (2.6.2):
    - React-Core
  - CocoaAsyncSocket (7.6.5)
  - DoubleConversion (1.1.6)
  - FBLazyVector (0.69.8-1)
  - FBReactNativeSpec (0.69.8-1):
    - RCT-Folly (= 2021.06.28.00-v2)
    - RCTRequired (= 0.69.8-1)
    - RCTTypeSafety (= 0.69.8-1)
    - React-Core (= 0.69.8-1)
    - React-jsi (= 0.69.8-1)
    - ReactCommon/turbomodule/core (= 0.69.8-1)
  - Flipper (0.125.0):
    - Flipper-Folly (~> 2.6)
    - Flipper-RSocket (~> 1.4)
  - Flipper-Boost-iOSX (1.76.0.1.11)
  - Flipper-DoubleConversion (3.2.0.1)
  - Flipper-Fmt (7.1.7)
  - Flipper-Folly (2.6.10):
    - Flipper-Boost-iOSX
    - Flipper-DoubleConversion
    - Flipper-Fmt (= 7.1.7)
    - Flipper-Glog
    - libevent (~> 2.1.12)
    - OpenSSL-Universal (= 1.1.1100)
  - Flipper-Glog (0.5.0.5)
  - Flipper-PeerTalk (0.0.4)
  - Flipper-RSocket (1.4.3):
    - Flipper-Folly (~> 2.6)
  - FlipperKit (0.125.0):
    - FlipperKit/Core (= 0.125.0)
  - FlipperKit/Core (0.125.0):
    - Flipper (~> 0.125.0)
    - FlipperKit/CppBridge
    - FlipperKit/FBCxxFollyDynamicConvert
    - FlipperKit/FBDefines
    - FlipperKit/FKPortForwarding
    - SocketRocket (~> 0.6.0)
  - FlipperKit/CppBridge (0.125.0):
    - Flipper (~> 0.125.0)
  - FlipperKit/FBCxxFollyDynamicConvert (0.125.0):
    - Flipper-Folly (~> 2.6)
  - FlipperKit/FBDefines (0.125.0)
  - FlipperKit/FKPortForwarding (0.125.0):
    - CocoaAsyncSocket (~> 7.6)
    - Flipper-PeerTalk (~> 0.0.4)
  - FlipperKit/FlipperKitHighlightOverlay (0.125.0)
  - FlipperKit/FlipperKitLayoutHelpers (0.125.0):
    - FlipperKit/Core
    - FlipperKit/FlipperKitHighlightOverlay
    - FlipperKit/FlipperKitLayoutTextSearchable
  - FlipperKit/FlipperKitLayoutIOSDescriptors (0.125.0):
    - FlipperKit/Core
    - FlipperKit/FlipperKitHighlightOverlay
    - FlipperKit/FlipperKitLayoutHelpers
    - YogaKit (~> 1.18)
  - FlipperKit/FlipperKitLayoutPlugin (0.125.0):
    - FlipperKit/Core
    - FlipperKit/FlipperKitHighlightOverlay
    - FlipperKit/FlipperKitLayoutHelpers
    - FlipperKit/FlipperKitLayoutIOSDescriptors
    - FlipperKit/FlipperKitLayoutTextSearchable
    - YogaKit (~> 1.18)
  - FlipperKit/FlipperKitLayoutTextSearchable (0.125.0)
  - FlipperKit/FlipperKitNetworkPlugin (0.125.0):
    - FlipperKit/Core
  - FlipperKit/FlipperKitReactPlugin (0.125.0):
    - FlipperKit/Core
  - FlipperKit/FlipperKitUserDefaultsPlugin (0.125.0):
    - FlipperKit/Core
  - FlipperKit/SKIOSNetworkPlugin (0.125.0):
    - FlipperKit/Core
    - FlipperKit/FlipperKitNetworkPlugin
  - fmt (7.1.3)
  - glog (0.3.5)
  - libevent (2.1.12.1)
  - libwebp (1.2.4):
    - libwebp/demux (= 1.2.4)
    - libwebp/mux (= 1.2.4)
    - libwebp/webp (= 1.2.4)
  - libwebp/demux (1.2.4):
    - libwebp/webp
  - libwebp/mux (1.2.4):
    - libwebp/demux
  - libwebp/webp (1.2.4)
  - OpenSSL-Universal (1.1.1100)
  - RCT-Folly (2021.06.28.00-v2):
    - boost
    - DoubleConversion
    - fmt
    - glog
    - RCT-Folly/Default (= 2021.06.28.00-v2)
  - RCT-Folly/Default (2021.06.28.00-v2):
    - boost
    - DoubleConversion
    - fmt
    - glog
  - RCTRequired (0.69.8-1)
  - RCTTypeSafety (0.69.8-1):
    - FBLazyVector (= 0.69.8-1)
    - RCTRequired (= 0.69.8-1)
    - React-Core (= 0.69.8-1)
  - RCTYouTube (2.0.2):
    - React
    - YoutubePlayer-in-WKWebView (~> 0.3.1)
  - React (0.69.8-1):
    - React-Core (= 0.69.8-1)
    - React-Core/DevSupport (= 0.69.8-1)
    - React-Core/RCTWebSocket (= 0.69.8-1)
    - React-RCTAnimation (= 0.69.8-1)
    - React-RCTBlob (= 0.69.8-1)
    - React-RCTImage (= 0.69.8-1)
    - React-RCTLinking (= 0.69.8-1)
    - React-RCTNetwork (= 0.69.8-1)
    - React-RCTSettings (= 0.69.8-1)
    - React-RCTText (= 0.69.8-1)
  - React-bridging (0.69.8-1):
    - RCT-Folly (= 2021.06.28.00-v2)
    - React-jsi (= 0.69.8-1)
  - React-callinvoker (0.69.8-1)
  - React-Codegen (0.69.8-1):
    - FBReactNativeSpec (= 0.69.8-1)
    - RCT-Folly (= 2021.06.28.00-v2)
    - RCTRequired (= 0.69.8-1)
    - RCTTypeSafety (= 0.69.8-1)
    - React-Core (= 0.69.8-1)
    - React-jsi (= 0.69.8-1)
    - React-jsiexecutor (= 0.69.8-1)
    - ReactCommon/turbomodule/core (= 0.69.8-1)
  - React-Core (0.69.8-1):
    - glog
    - RCT-Folly (= 2021.06.28.00-v2)
    - React-Core/Default (= 0.69.8-1)
    - React-cxxreact (= 0.69.8-1)
    - React-jsi (= 0.69.8-1)
    - React-jsiexecutor (= 0.69.8-1)
    - React-perflogger (= 0.69.8-1)
    - Yoga
  - React-Core/CoreModulesHeaders (0.69.8-1):
    - glog
    - RCT-Folly (= 2021.06.28.00-v2)
    - React-Core/Default
    - React-cxxreact (= 0.69.8-1)
    - React-jsi (= 0.69.8-1)
    - React-jsiexecutor (= 0.69.8-1)
    - React-perflogger (= 0.69.8-1)
    - Yoga
  - React-Core/Default (0.69.8-1):
    - glog
    - RCT-Folly (= 2021.06.28.00-v2)
    - React-cxxreact (= 0.69.8-1)
    - React-jsi (= 0.69.8-1)
    - React-jsiexecutor (= 0.69.8-1)
    - React-perflogger (= 0.69.8-1)
    - Yoga
  - React-Core/DevSupport (0.69.8-1):
    - glog
    - RCT-Folly (= 2021.06.28.00-v2)
    - React-Core/Default (= 0.69.8-1)
    - React-Core/RCTWebSocket (= 0.69.8-1)
    - React-cxxreact (= 0.69.8-1)
    - React-jsi (= 0.69.8-1)
    - React-jsiexecutor (= 0.69.8-1)
    - React-jsinspector (= 0.69.8-1)
    - React-perflogger (= 0.69.8-1)
    - Yoga
  - React-Core/RCTAnimationHeaders (0.69.8-1):
    - glog
    - RCT-Folly (= 2021.06.28.00-v2)
    - React-Core/Default
    - React-cxxreact (= 0.69.8-1)
    - React-jsi (= 0.69.8-1)
    - React-jsiexecutor (= 0.69.8-1)
    - React-perflogger (= 0.69.8-1)
    - Yoga
  - React-Core/RCTBlobHeaders (0.69.8-1):
    - glog
    - RCT-Folly (= 2021.06.28.00-v2)
    - React-Core/Default
    - React-cxxreact (= 0.69.8-1)
    - React-jsi (= 0.69.8-1)
    - React-jsiexecutor (= 0.69.8-1)
    - React-perflogger (= 0.69.8-1)
    - Yoga
  - React-Core/RCTImageHeaders (0.69.8-1):
    - glog
    - RCT-Folly (= 2021.06.28.00-v2)
    - React-Core/Default
    - React-cxxreact (= 0.69.8-1)
    - React-jsi (= 0.69.8-1)
    - React-jsiexecutor (= 0.69.8-1)
    - React-perflogger (= 0.69.8-1)
    - Yoga
  - React-Core/RCTLinkingHeaders (0.69.8-1):
    - glog
    - RCT-Folly (= 2021.06.28.00-v2)
    - React-Core/Default
    - React-cxxreact (= 0.69.8-1)
    - React-jsi (= 0.69.8-1)
    - React-jsiexecutor (= 0.69.8-1)
    - React-perflogger (= 0.69.8-1)
    - Yoga
  - React-Core/RCTNetworkHeaders (0.69.8-1):
    - glog
    - RCT-Folly (= 2021.06.28.00-v2)
    - React-Core/Default
    - React-cxxreact (= 0.69.8-1)
    - React-jsi (= 0.69.8-1)
    - React-jsiexecutor (= 0.69.8-1)
    - React-perflogger (= 0.69.8-1)
    - Yoga
  - React-Core/RCTSettingsHeaders (0.69.8-1):
    - glog
    - RCT-Folly (= 2021.06.28.00-v2)
    - React-Core/Default
    - React-cxxreact (= 0.69.8-1)
    - React-jsi (= 0.69.8-1)
    - React-jsiexecutor (= 0.69.8-1)
    - React-perflogger (= 0.69.8-1)
    - Yoga
  - React-Core/RCTTextHeaders (0.69.8-1):
    - glog
    - RCT-Folly (= 2021.06.28.00-v2)
    - React-Core/Default
    - React-cxxreact (= 0.69.8-1)
    - React-jsi (= 0.69.8-1)
    - React-jsiexecutor (= 0.69.8-1)
    - React-perflogger (= 0.69.8-1)
    - Yoga
  - React-Core/RCTWebSocket (0.69.8-1):
    - glog
    - RCT-Folly (= 2021.06.28.00-v2)
    - React-Core/Default (= 0.69.8-1)
    - React-cxxreact (= 0.69.8-1)
    - React-jsi (= 0.69.8-1)
    - React-jsiexecutor (= 0.69.8-1)
    - React-perflogger (= 0.69.8-1)
    - Yoga
  - React-CoreModules (0.69.8-1):
    - RCT-Folly (= 2021.06.28.00-v2)
    - RCTTypeSafety (= 0.69.8-1)
    - React-Codegen (= 0.69.8-1)
    - React-Core/CoreModulesHeaders (= 0.69.8-1)
    - React-jsi (= 0.69.8-1)
    - React-RCTImage (= 0.69.8-1)
    - ReactCommon/turbomodule/core (= 0.69.8-1)
  - React-cxxreact (0.69.8-1):
    - boost (= 1.76.0)
    - DoubleConversion
    - glog
    - RCT-Folly (= 2021.06.28.00-v2)
    - React-callinvoker (= 0.69.8-1)
    - React-jsi (= 0.69.8-1)
    - React-jsinspector (= 0.69.8-1)
    - React-logger (= 0.69.8-1)
    - React-perflogger (= 0.69.8-1)
    - React-runtimeexecutor (= 0.69.8-1)
  - React-jsi (0.69.8-1):
    - boost (= 1.76.0)
    - DoubleConversion
    - glog
    - RCT-Folly (= 2021.06.28.00-v2)
    - React-jsi/Default (= 0.69.8-1)
  - React-jsi/Default (0.69.8-1):
    - boost (= 1.76.0)
    - DoubleConversion
    - glog
    - RCT-Folly (= 2021.06.28.00-v2)
  - React-jsiexecutor (0.69.8-1):
    - DoubleConversion
    - glog
    - RCT-Folly (= 2021.06.28.00-v2)
    - React-cxxreact (= 0.69.8-1)
    - React-jsi (= 0.69.8-1)
    - React-perflogger (= 0.69.8-1)
  - React-jsinspector (0.69.8-1)
  - React-logger (0.69.8-1):
    - glog
  - react-native-config (1.5.0):
    - react-native-config/App (= 1.5.0)
  - react-native-config/App (1.5.0):
    - React-Core
  - react-native-flipper (0.125.0):
    - React-Core
  - react-native-safe-area-context (4.5.1):
    - RCT-Folly
    - RCTRequired
    - RCTTypeSafety
    - React-Core
    - ReactCommon/turbomodule/core
  - React-perflogger (0.69.8-1)
  - React-RCTAnimation (0.69.8-1):
    - RCT-Folly (= 2021.06.28.00-v2)
    - RCTTypeSafety (= 0.69.8-1)
    - React-Codegen (= 0.69.8-1)
    - React-Core/RCTAnimationHeaders (= 0.69.8-1)
    - React-jsi (= 0.69.8-1)
    - ReactCommon/turbomodule/core (= 0.69.8-1)
  - React-RCTBlob (0.69.8-1):
    - RCT-Folly (= 2021.06.28.00-v2)
    - React-Codegen (= 0.69.8-1)
    - React-Core/RCTBlobHeaders (= 0.69.8-1)
    - React-Core/RCTWebSocket (= 0.69.8-1)
    - React-jsi (= 0.69.8-1)
    - React-RCTNetwork (= 0.69.8-1)
    - ReactCommon/turbomodule/core (= 0.69.8-1)
  - React-RCTImage (0.69.8-1):
    - RCT-Folly (= 2021.06.28.00-v2)
    - RCTTypeSafety (= 0.69.8-1)
    - React-Codegen (= 0.69.8-1)
    - React-Core/RCTImageHeaders (= 0.69.8-1)
    - React-jsi (= 0.69.8-1)
    - React-RCTNetwork (= 0.69.8-1)
    - ReactCommon/turbomodule/core (= 0.69.8-1)
  - React-RCTLinking (0.69.8-1):
    - React-Codegen (= 0.69.8-1)
    - React-Core/RCTLinkingHeaders (= 0.69.8-1)
    - React-jsi (= 0.69.8-1)
    - ReactCommon/turbomodule/core (= 0.69.8-1)
  - React-RCTNetwork (0.69.8-1):
    - RCT-Folly (= 2021.06.28.00-v2)
    - RCTTypeSafety (= 0.69.8-1)
    - React-Codegen (= 0.69.8-1)
    - React-Core/RCTNetworkHeaders (= 0.69.8-1)
    - React-jsi (= 0.69.8-1)
    - ReactCommon/turbomodule/core (= 0.69.8-1)
  - React-RCTSettings (0.69.8-1):
    - RCT-Folly (= 2021.06.28.00-v2)
    - RCTTypeSafety (= 0.69.8-1)
    - React-Codegen (= 0.69.8-1)
    - React-Core/RCTSettingsHeaders (= 0.69.8-1)
    - React-jsi (= 0.69.8-1)
    - ReactCommon/turbomodule/core (= 0.69.8-1)
  - React-RCTText (0.69.8-1):
    - React-Core/RCTTextHeaders (= 0.69.8-1)
  - React-runtimeexecutor (0.69.8-1):
    - React-jsi (= 0.69.8-1)
  - ReactCommon/turbomodule/core (0.69.8-1):
    - DoubleConversion
    - glog
    - RCT-Folly (= 2021.06.28.00-v2)
    - React-bridging (= 0.69.8-1)
    - React-callinvoker (= 0.69.8-1)
    - React-Core (= 0.69.8-1)
    - React-cxxreact (= 0.69.8-1)
    - React-jsi (= 0.69.8-1)
    - React-logger (= 0.69.8-1)
    - React-perflogger (= 0.69.8-1)
  - RNCMaskedView (0.2.9):
    - React-Core
  - RNDeviceInfo (10.6.0):
    - React-Core
  - RNFastImage (8.6.3):
    - React-Core
    - SDWebImage (~> 5.11.1)
    - SDWebImageWebPCoder (~> 0.8.4)
  - RNGestureHandler (2.9.0):
    - React-Core
  - RNScreens (3.20.0):
    - React-Core
    - React-RCTImage
  - RNVectorIcons (9.2.0):
    - React-Core
  - SDWebImage (5.11.1):
    - SDWebImage/Core (= 5.11.1)
  - SDWebImage/Core (5.11.1)
  - SDWebImageWebPCoder (0.8.5):
    - libwebp (~> 1.0)
    - SDWebImage/Core (~> 5.10)
  - SocketRocket (0.6.0)
  - Yoga (1.14.0)
  - YogaKit (1.18.1):
    - Yoga
  - YoutubePlayer-in-WKWebView (0.3.8)

DEPENDENCIES:
  - boost (from `../node_modules/react-native/third-party-podspecs/boost.podspec`)
  - BVLinearGradient (from `../node_modules/react-native-linear-gradient`)
  - DoubleConversion (from `../node_modules/react-native/third-party-podspecs/DoubleConversion.podspec`)
  - FBLazyVector (from `../node_modules/react-native/Libraries/FBLazyVector`)
  - FBReactNativeSpec (from `../node_modules/react-native/React/FBReactNativeSpec`)
  - Flipper (= 0.125.0)
  - Flipper-Boost-iOSX (= 1.76.0.1.11)
  - Flipper-DoubleConversion (= 3.2.0.1)
  - Flipper-Fmt (= 7.1.7)
  - Flipper-Folly (= 2.6.10)
  - Flipper-Glog (= 0.5.0.5)
  - Flipper-PeerTalk (= 0.0.4)
  - Flipper-RSocket (= 1.4.3)
  - FlipperKit (= 0.125.0)
  - FlipperKit/Core (= 0.125.0)
  - FlipperKit/CppBridge (= 0.125.0)
  - FlipperKit/FBCxxFollyDynamicConvert (= 0.125.0)
  - FlipperKit/FBDefines (= 0.125.0)
  - FlipperKit/FKPortForwarding (= 0.125.0)
  - FlipperKit/FlipperKitHighlightOverlay (= 0.125.0)
  - FlipperKit/FlipperKitLayoutPlugin (= 0.125.0)
  - FlipperKit/FlipperKitLayoutTextSearchable (= 0.125.0)
  - FlipperKit/FlipperKitNetworkPlugin (= 0.125.0)
  - FlipperKit/FlipperKitReactPlugin (= 0.125.0)
  - FlipperKit/FlipperKitUserDefaultsPlugin (= 0.125.0)
  - FlipperKit/SKIOSNetworkPlugin (= 0.125.0)
  - fmt (from `../node_modules/react-native/third-party-podspecs/fmt.podspec`)
  - glog (from `../node_modules/react-native/third-party-podspecs/glog.podspec`)
  - OpenSSL-Universal (= 1.1.1100)
  - RCT-Folly (from `../node_modules/react-native/third-party-podspecs/RCT-Folly.podspec`)
  - RCTRequired (from `../node_modules/react-native/Libraries/RCTRequired`)
  - RCTTypeSafety (from `../node_modules/react-native/Libraries/TypeSafety`)
  - RCTYouTube (from `../node_modules/react-native-youtube`)
  - React (from `../node_modules/react-native/`)
  - React-bridging (from `../node_modules/react-native/ReactCommon`)
  - React-callinvoker (from `../node_modules/react-native/ReactCommon/callinvoker`)
  - React-Codegen (from `build/generated/ios`)
  - React-Core (from `../node_modules/react-native/`)
  - React-Core/DevSupport (from `../node_modules/react-native/`)
  - React-Core/RCTWebSocket (from `../node_modules/react-native/`)
  - React-CoreModules (from `../node_modules/react-native/React/CoreModules`)
  - React-cxxreact (from `../node_modules/react-native/ReactCommon/cxxreact`)
  - React-jsi (from `../node_modules/react-native/ReactCommon/jsi`)
  - React-jsiexecutor (from `../node_modules/react-native/ReactCommon/jsiexecutor`)
  - React-jsinspector (from `../node_modules/react-native/ReactCommon/jsinspector`)
  - React-logger (from `../node_modules/react-native/ReactCommon/logger`)
  - react-native-config (from `../node_modules/react-native-config`)
  - react-native-flipper (from `../node_modules/react-native-flipper`)
  - react-native-safe-area-context (from `../node_modules/react-native-safe-area-context`)
  - React-perflogger (from `../node_modules/react-native/ReactCommon/reactperflogger`)
  - React-RCTAnimation (from `../node_modules/react-native/Libraries/NativeAnimation`)
  - React-RCTBlob (from `../node_modules/react-native/Libraries/Blob`)
  - React-RCTImage (from `../node_modules/react-native/Libraries/Image`)
  - React-RCTLinking (from `../node_modules/react-native/Libraries/LinkingIOS`)
  - React-RCTNetwork (from `../node_modules/react-native/Libraries/Network`)
  - React-RCTSettings (from `../node_modules/react-native/Libraries/Settings`)
  - React-RCTText (from `../node_modules/react-native/Libraries/Text`)
  - React-runtimeexecutor (from `../node_modules/react-native/ReactCommon/runtimeexecutor`)
  - ReactCommon/turbomodule/core (from `../node_modules/react-native/ReactCommon`)
  - "RNCMaskedView (from `../node_modules/@react-native-masked-view/masked-view`)"
  - RNDeviceInfo (from `../node_modules/react-native-device-info`)
  - RNFastImage (from `../node_modules/react-native-fast-image`)
  - RNGestureHandler (from `../node_modules/react-native-gesture-handler`)
  - RNScreens (from `../node_modules/react-native-screens`)
  - RNVectorIcons (from `../node_modules/react-native-vector-icons`)
  - Yoga (from `../node_modules/react-native/ReactCommon/yoga`)

SPEC REPOS:
  https://github.com/react-native-tvos/react-native-tvos-podspecs.git:
    - libevent
    - YogaKit
  trunk:
    - CocoaAsyncSocket
    - Flipper
    - Flipper-Boost-iOSX
    - Flipper-DoubleConversion
    - Flipper-Fmt
    - Flipper-Folly
    - Flipper-Glog
    - Flipper-PeerTalk
    - Flipper-RSocket
    - FlipperKit
    - libwebp
    - OpenSSL-Universal
    - SDWebImage
    - SDWebImageWebPCoder
    - SocketRocket
    - YoutubePlayer-in-WKWebView

EXTERNAL SOURCES:
  boost:
    :podspec: "../node_modules/react-native/third-party-podspecs/boost.podspec"
  BVLinearGradient:
    :path: "../node_modules/react-native-linear-gradient"
  DoubleConversion:
    :podspec: "../node_modules/react-native/third-party-podspecs/DoubleConversion.podspec"
  FBLazyVector:
    :path: "../node_modules/react-native/Libraries/FBLazyVector"
  FBReactNativeSpec:
    :path: "../node_modules/react-native/React/FBReactNativeSpec"
  fmt:
    :podspec: "../node_modules/react-native/third-party-podspecs/fmt.podspec"
  glog:
    :podspec: "../node_modules/react-native/third-party-podspecs/glog.podspec"
  RCT-Folly:
    :podspec: "../node_modules/react-native/third-party-podspecs/RCT-Folly.podspec"
  RCTRequired:
    :path: "../node_modules/react-native/Libraries/RCTRequired"
  RCTTypeSafety:
    :path: "../node_modules/react-native/Libraries/TypeSafety"
  RCTYouTube:
    :path: "../node_modules/react-native-youtube"
  React:
    :path: "../node_modules/react-native/"
  React-bridging:
    :path: "../node_modules/react-native/ReactCommon"
  React-callinvoker:
    :path: "../node_modules/react-native/ReactCommon/callinvoker"
  React-Codegen:
    :path: build/generated/ios
  React-Core:
    :path: "../node_modules/react-native/"
  React-CoreModules:
    :path: "../node_modules/react-native/React/CoreModules"
  React-cxxreact:
    :path: "../node_modules/react-native/ReactCommon/cxxreact"
  React-jsi:
    :path: "../node_modules/react-native/ReactCommon/jsi"
  React-jsiexecutor:
    :path: "../node_modules/react-native/ReactCommon/jsiexecutor"
  React-jsinspector:
    :path: "../node_modules/react-native/ReactCommon/jsinspector"
  React-logger:
    :path: "../node_modules/react-native/ReactCommon/logger"
  react-native-config:
    :path: "../node_modules/react-native-config"
  react-native-flipper:
    :path: "../node_modules/react-native-flipper"
  react-native-safe-area-context:
    :path: "../node_modules/react-native-safe-area-context"
  React-perflogger:
    :path: "../node_modules/react-native/ReactCommon/reactperflogger"
  React-RCTAnimation:
    :path: "../node_modules/react-native/Libraries/NativeAnimation"
  React-RCTBlob:
    :path: "../node_modules/react-native/Libraries/Blob"
  React-RCTImage:
    :path: "../node_modules/react-native/Libraries/Image"
  React-RCTLinking:
    :path: "../node_modules/react-native/Libraries/LinkingIOS"
  React-RCTNetwork:
    :path: "../node_modules/react-native/Libraries/Network"
  React-RCTSettings:
    :path: "../node_modules/react-native/Libraries/Settings"
  React-RCTText:
    :path: "../node_modules/react-native/Libraries/Text"
  React-runtimeexecutor:
    :path: "../node_modules/react-native/ReactCommon/runtimeexecutor"
  ReactCommon:
    :path: "../node_modules/react-native/ReactCommon"
  RNCMaskedView:
    :path: "../node_modules/@react-native-masked-view/masked-view"
  RNDeviceInfo:
    :path: "../node_modules/react-native-device-info"
  RNFastImage:
    :path: "../node_modules/react-native-fast-image"
  RNGestureHandler:
    :path: "../node_modules/react-native-gesture-handler"
  RNScreens:
    :path: "../node_modules/react-native-screens"
  RNVectorIcons:
    :path: "../node_modules/react-native-vector-icons"
  Yoga:
    :path: "../node_modules/react-native/ReactCommon/yoga"

SPEC CHECKSUMS:
  boost: a7c83b31436843459a1961bfd74b96033dc77234
  BVLinearGradient: 34a999fda29036898a09c6a6b728b0b4189e1a44
  CocoaAsyncSocket: 065fd1e645c7abab64f7a6a2007a48038fdc6a99
  DoubleConversion: 234abba95e31cc2aada0cf3b97cdb11bc5b90575
  FBLazyVector: 74c9f2f72b6287aead20a238d648ee0d4f07ff6e
  FBReactNativeSpec: 2c8a28378463797745377019ebcb974e01e19be7
  Flipper: 26fc4b7382499f1281eb8cb921e5c3ad6de91fe0
  Flipper-Boost-iOSX: fd1e2b8cbef7e662a122412d7ac5f5bea715403c
  Flipper-DoubleConversion: 2dc99b02f658daf147069aad9dbd29d8feb06d30
  Flipper-Fmt: 60cbdd92fc254826e61d669a5d87ef7015396a9b
  Flipper-Folly: 584845625005ff068a6ebf41f857f468decd26b3
  Flipper-Glog: 70c50ce58ddaf67dc35180db05f191692570f446
  Flipper-PeerTalk: 116d8f857dc6ef55c7a5a75ea3ceaafe878aadc9
  Flipper-RSocket: d9d9ade67cbecf6ac10730304bf5607266dd2541
  FlipperKit: cbdee19bdd4e7f05472a66ce290f1b729ba3cb86
  fmt: 135c0c55547979f715b56dfa54037ececa96d07a
  glog: bac6d5aa2990176cc22d0432fb3e28805d580aeb
  libevent: a6d75fcd7be07cbc5070300ea8dbc8d55dfab88e
  libwebp: f62cb61d0a484ba548448a4bd52aabf150ff6eef
  OpenSSL-Universal: ebc357f1e6bc71fa463ccb2fe676756aff50e88c
  RCT-Folly: 6955e7728b76277c5df5a5aba37ee1ff1dd99976
  RCTRequired: 950521848475d18aaa7914635cca03f99c6dc5ef
  RCTTypeSafety: ac2189c1b65bf2b8496ed3c40a4a0b3f92bf1fc4
  RCTYouTube: a8bb45705622a6fc9decf64be04128d3658ed411
  React: d1f56aa00c6eac06e76301214d0787f6689a7e57
  React-bridging: 2f4bef4599a5bb04862ef5009b3c767efd4c0d45
  React-callinvoker: eaf2b34bd68a491ea9b272786045c79e7235e99f
  React-Codegen: 1ea699193123729d38a33418a827815c252220fc
  React-Core: 1d1d67d542b5c9f3db6283ddfd7e3fc575966ba3
  React-CoreModules: 39b27aa5437cd33feee27c559d616b302eeab9a2
  React-cxxreact: fd951a17b1b78407259ce93d1cc5f132cd27a6b6
  React-jsi: 227b92d56306c7799128cdb0c1c858cc3384abd0
  React-jsiexecutor: 8a5a414e4101eeabcf9a2297e203fd48f4b14276
  React-jsinspector: 6ce39feccf99bd891341bd656b83fff17515b790
  React-logger: f0e82c6aa0088d3c6e748732fee17c1d7181fc22
  react-native-config: 5330c8258265c1e5fdb8c009d2cabd6badd96727
  react-native-flipper: 3d9e214b412b3ce81e0d73bdcdc8097c0b0e8578
  react-native-safe-area-context: f5549f36508b1b7497434baa0cd97d7e470920d4
  React-perflogger: c3dddda09a2437d43bd2dc0b5c0db88efeebd7e0
  React-RCTAnimation: c5c1a79fb81614cbe18ffa536a82e877b03eaa97
  React-RCTBlob: 676e8e63d1a15c443e1ee2ccac5458c21c8de4b8
  React-RCTImage: 5ff17f1b4100dcf0fd15fdae1aa4433aff550007
  React-RCTLinking: 4ac200d35071d63a7c5b8b9419a36094bad79edc
  React-RCTNetwork: 30913543d8b2f194e323b6550c7a34285dc6b5a5
  React-RCTSettings: d10e72ebb8e695d8cb49b12c6432172a837b5d4e
  React-RCTText: d1168b23bdfe1a1a8bede1b7864bbfb7a7e15650
  React-runtimeexecutor: 10b9de31368201af527b670d562f07d4d8e9a4b0
  ReactCommon: 74ed9fec71646d5a77e71a58a56e691871a037d7
  RNCMaskedView: 949696f25ec596bfc697fc88e6f95cf0c79669b6
  RNDeviceInfo: 475a4c447168d0ad4c807e48ef5e0963a0f4eb1b
  RNFastImage: 5c9c9fed9c076e521b3f509fe79e790418a544e8
  RNGestureHandler: 071d7a9ad81e8b83fe7663b303d132406a7d8f39
  RNScreens: 218801c16a2782546d30bd2026bb625c0302d70f
  RNVectorIcons: fcc2f6cb32f5735b586e66d14103a74ce6ad61f8
  SDWebImage: a7f831e1a65eb5e285e3fb046a23fcfbf08e696d
  SDWebImageWebPCoder: 908b83b6adda48effe7667cd2b7f78c897e5111d
  SocketRocket: fccef3f9c5cedea1353a9ef6ada904fde10d6608
  Yoga: 4a0788440c29e71c40dc8b5f7f4d1495134223f9
  YogaKit: 1e22bf2228b3a5ac8cc88965153061ae92c494b5
  YoutubePlayer-in-WKWebView: 4fca3b4f6f09940077bfbae7bddb771f2b43aacd

PODFILE CHECKSUM: 9b24baab1b3e60f08a2c9f8969afa8d0a0dada70

COCOAPODS: 1.11.3
