PODS:
  - boost (1.76.0)
  - BVLinearGradient (2.6.2):
    - React-Core
  - CocoaAsyncSocket (7.6.5)
  - DoubleConversion (1.1.6)
  - FBLazyVector (0.66.3-3)
  - FBReactNativeSpec (0.66.3-3):
    - RCT-Folly (= 2021.06.28.00-v2)
    - RCTRequired (= 0.66.3-3)
    - RCTTypeSafety (= 0.66.3-3)
    - React-Core (= 0.66.3-3)
    - React-jsi (= 0.66.3-3)
    - ReactCommon/turbomodule/core (= 0.66.3-3)
  - Flipper (0.99.0):
    - Flipper-Folly (~> 2.6)
    - Flipper-RSocket (~> 1.4)
  - Flipper-Boost-iOSX (1.76.0.1.11)
  - Flipper-DoubleConversion (3.1.7)
  - Flipper-Fmt (7.1.7)
  - Flipper-Folly (2.6.7):
    - Flipper-Boost-iOSX
    - Flipper-DoubleConversion
    - Flipper-Fmt (= 7.1.7)
    - Flipper-Glog
    - libevent (~> 2.1.12)
    - OpenSSL-Universal (= 1.1.180)
  - Flipper-Glog (0.3.6)
  - Flipper-PeerTalk (0.0.4)
  - Flipper-RSocket (1.4.3):
    - Flipper-Folly (~> 2.6)
  - FlipperKit (0.99.0):
    - FlipperKit/Core (= 0.99.0)
  - FlipperKit/Core (0.99.0):
    - Flipper (~> 0.99.0)
    - FlipperKit/CppBridge
    - FlipperKit/FBCxxFollyDynamicConvert
    - FlipperKit/FBDefines
    - FlipperKit/FKPortForwarding
  - FlipperKit/CppBridge (0.99.0):
    - Flipper (~> 0.99.0)
  - FlipperKit/FBCxxFollyDynamicConvert (0.99.0):
    - Flipper-Folly (~> 2.6)
  - FlipperKit/FBDefines (0.99.0)
  - FlipperKit/FKPortForwarding (0.99.0):
    - CocoaAsyncSocket (~> 7.6)
    - Flipper-PeerTalk (~> 0.0.4)
  - FlipperKit/FlipperKitHighlightOverlay (0.99.0)
  - FlipperKit/FlipperKitLayoutHelpers (0.99.0):
    - FlipperKit/Core
    - FlipperKit/FlipperKitHighlightOverlay
    - FlipperKit/FlipperKitLayoutTextSearchable
  - FlipperKit/FlipperKitLayoutIOSDescriptors (0.99.0):
    - FlipperKit/Core
    - FlipperKit/FlipperKitHighlightOverlay
    - FlipperKit/FlipperKitLayoutHelpers
    - YogaKit (~> 1.18)
  - FlipperKit/FlipperKitLayoutPlugin (0.99.0):
    - FlipperKit/Core
    - FlipperKit/FlipperKitHighlightOverlay
    - FlipperKit/FlipperKitLayoutHelpers
    - FlipperKit/FlipperKitLayoutIOSDescriptors
    - FlipperKit/FlipperKitLayoutTextSearchable
    - YogaKit (~> 1.18)
  - FlipperKit/FlipperKitLayoutTextSearchable (0.99.0)
  - FlipperKit/FlipperKitNetworkPlugin (0.99.0):
    - FlipperKit/Core
  - FlipperKit/FlipperKitReactPlugin (0.99.0):
    - FlipperKit/Core
  - FlipperKit/FlipperKitUserDefaultsPlugin (0.99.0):
    - FlipperKit/Core
  - FlipperKit/SKIOSNetworkPlugin (0.99.0):
    - FlipperKit/Core
    - FlipperKit/FlipperKitNetworkPlugin
  - fmt (7.1.3)
  - glog (0.3.5)
  - libevent (2.1.12)
  - libwebp (1.2.1):
    - libwebp/demux (= 1.2.1)
    - libwebp/mux (= 1.2.1)
    - libwebp/webp (= 1.2.1)
  - libwebp/demux (1.2.1):
    - libwebp/webp
  - libwebp/mux (1.2.1):
    - libwebp/demux
  - libwebp/webp (1.2.1)
  - OpenSSL-Universal (1.1.180)
  - RCT-Folly (2021.06.28.00-v2):
    - boost
    - DoubleConversion
    - fmt
    - glog
    - RCT-Folly/Default (= 2021.06.28.00-v2)
  - RCT-Folly/Default (2021.06.28.00-v2):
    - boost
    - DoubleConversion
    - fmt
    - glog
  - RCTRequired (0.66.3-3)
  - RCTTypeSafety (0.66.3-3):
    - FBLazyVector (= 0.66.3-3)
    - RCT-Folly (= 2021.06.28.00-v2)
    - RCTRequired (= 0.66.3-3)
    - React-Core (= 0.66.3-3)
  - React (0.66.3-3):
    - React-Core (= 0.66.3-3)
    - React-Core/DevSupport (= 0.66.3-3)
    - React-Core/RCTWebSocket (= 0.66.3-3)
    - React-RCTAnimation (= 0.66.3-3)
    - React-RCTBlob (= 0.66.3-3)
    - React-RCTImage (= 0.66.3-3)
    - React-RCTLinking (= 0.66.3-3)
    - React-RCTNetwork (= 0.66.3-3)
    - React-RCTSettings (= 0.66.3-3)
    - React-RCTText (= 0.66.3-3)
  - React-callinvoker (0.66.3-3)
  - React-Core (0.66.3-3):
    - glog
    - RCT-Folly (= 2021.06.28.00-v2)
    - React-Core/Default (= 0.66.3-3)
    - React-cxxreact (= 0.66.3-3)
    - React-jsi (= 0.66.3-3)
    - React-jsiexecutor (= 0.66.3-3)
    - React-perflogger (= 0.66.3-3)
    - Yoga
  - React-Core/CoreModulesHeaders (0.66.3-3):
    - glog
    - RCT-Folly (= 2021.06.28.00-v2)
    - React-Core/Default
    - React-cxxreact (= 0.66.3-3)
    - React-jsi (= 0.66.3-3)
    - React-jsiexecutor (= 0.66.3-3)
    - React-perflogger (= 0.66.3-3)
    - Yoga
  - React-Core/Default (0.66.3-3):
    - glog
    - RCT-Folly (= 2021.06.28.00-v2)
    - React-cxxreact (= 0.66.3-3)
    - React-jsi (= 0.66.3-3)
    - React-jsiexecutor (= 0.66.3-3)
    - React-perflogger (= 0.66.3-3)
    - Yoga
  - React-Core/DevSupport (0.66.3-3):
    - glog
    - RCT-Folly (= 2021.06.28.00-v2)
    - React-Core/Default (= 0.66.3-3)
    - React-Core/RCTWebSocket (= 0.66.3-3)
    - React-cxxreact (= 0.66.3-3)
    - React-jsi (= 0.66.3-3)
    - React-jsiexecutor (= 0.66.3-3)
    - React-jsinspector (= 0.66.3-3)
    - React-perflogger (= 0.66.3-3)
    - Yoga
  - React-Core/RCTAnimationHeaders (0.66.3-3):
    - glog
    - RCT-Folly (= 2021.06.28.00-v2)
    - React-Core/Default
    - React-cxxreact (= 0.66.3-3)
    - React-jsi (= 0.66.3-3)
    - React-jsiexecutor (= 0.66.3-3)
    - React-perflogger (= 0.66.3-3)
    - Yoga
  - React-Core/RCTBlobHeaders (0.66.3-3):
    - glog
    - RCT-Folly (= 2021.06.28.00-v2)
    - React-Core/Default
    - React-cxxreact (= 0.66.3-3)
    - React-jsi (= 0.66.3-3)
    - React-jsiexecutor (= 0.66.3-3)
    - React-perflogger (= 0.66.3-3)
    - Yoga
  - React-Core/RCTImageHeaders (0.66.3-3):
    - glog
    - RCT-Folly (= 2021.06.28.00-v2)
    - React-Core/Default
    - React-cxxreact (= 0.66.3-3)
    - React-jsi (= 0.66.3-3)
    - React-jsiexecutor (= 0.66.3-3)
    - React-perflogger (= 0.66.3-3)
    - Yoga
  - React-Core/RCTLinkingHeaders (0.66.3-3):
    - glog
    - RCT-Folly (= 2021.06.28.00-v2)
    - React-Core/Default
    - React-cxxreact (= 0.66.3-3)
    - React-jsi (= 0.66.3-3)
    - React-jsiexecutor (= 0.66.3-3)
    - React-perflogger (= 0.66.3-3)
    - Yoga
  - React-Core/RCTNetworkHeaders (0.66.3-3):
    - glog
    - RCT-Folly (= 2021.06.28.00-v2)
    - React-Core/Default
    - React-cxxreact (= 0.66.3-3)
    - React-jsi (= 0.66.3-3)
    - React-jsiexecutor (= 0.66.3-3)
    - React-perflogger (= 0.66.3-3)
    - Yoga
  - React-Core/RCTSettingsHeaders (0.66.3-3):
    - glog
    - RCT-Folly (= 2021.06.28.00-v2)
    - React-Core/Default
    - React-cxxreact (= 0.66.3-3)
    - React-jsi (= 0.66.3-3)
    - React-jsiexecutor (= 0.66.3-3)
    - React-perflogger (= 0.66.3-3)
    - Yoga
  - React-Core/RCTTextHeaders (0.66.3-3):
    - glog
    - RCT-Folly (= 2021.06.28.00-v2)
    - React-Core/Default
    - React-cxxreact (= 0.66.3-3)
    - React-jsi (= 0.66.3-3)
    - React-jsiexecutor (= 0.66.3-3)
    - React-perflogger (= 0.66.3-3)
    - Yoga
  - React-Core/RCTWebSocket (0.66.3-3):
    - glog
    - RCT-Folly (= 2021.06.28.00-v2)
    - React-Core/Default (= 0.66.3-3)
    - React-cxxreact (= 0.66.3-3)
    - React-jsi (= 0.66.3-3)
    - React-jsiexecutor (= 0.66.3-3)
    - React-perflogger (= 0.66.3-3)
    - Yoga
  - React-CoreModules (0.66.3-3):
    - FBReactNativeSpec (= 0.66.3-3)
    - RCT-Folly (= 2021.06.28.00-v2)
    - RCTTypeSafety (= 0.66.3-3)
    - React-Core/CoreModulesHeaders (= 0.66.3-3)
    - React-jsi (= 0.66.3-3)
    - React-RCTImage (= 0.66.3-3)
    - ReactCommon/turbomodule/core (= 0.66.3-3)
  - React-cxxreact (0.66.3-3):
    - boost (= 1.76.0)
    - DoubleConversion
    - glog
    - RCT-Folly (= 2021.06.28.00-v2)
    - React-callinvoker (= 0.66.3-3)
    - React-jsi (= 0.66.3-3)
    - React-jsinspector (= 0.66.3-3)
    - React-logger (= 0.66.3-3)
    - React-perflogger (= 0.66.3-3)
    - React-runtimeexecutor (= 0.66.3-3)
  - React-jsi (0.66.3-3):
    - boost (= 1.76.0)
    - DoubleConversion
    - glog
    - RCT-Folly (= 2021.06.28.00-v2)
    - React-jsi/Default (= 0.66.3-3)
  - React-jsi/Default (0.66.3-3):
    - boost (= 1.76.0)
    - DoubleConversion
    - glog
    - RCT-Folly (= 2021.06.28.00-v2)
  - React-jsiexecutor (0.66.3-3):
    - DoubleConversion
    - glog
    - RCT-Folly (= 2021.06.28.00-v2)
    - React-cxxreact (= 0.66.3-3)
    - React-jsi (= 0.66.3-3)
    - React-perflogger (= 0.66.3-3)
  - React-jsinspector (0.66.3-3)
  - React-logger (0.66.3-3):
    - glog
  - react-native-config (1.4.11):
    - react-native-config/App (= 1.4.11)
  - react-native-config/App (1.4.11):
    - React-Core
  - react-native-flipper (0.137.0):
    - React-Core
  - react-native-safe-area-context (4.2.4):
    - RCT-Folly
    - RCTRequired
    - RCTTypeSafety
    - React
    - ReactCommon/turbomodule/core
  - React-perflogger (0.66.3-3)
  - React-RCTAnimation (0.66.3-3):
    - FBReactNativeSpec (= 0.66.3-3)
    - RCT-Folly (= 2021.06.28.00-v2)
    - RCTTypeSafety (= 0.66.3-3)
    - React-Core/RCTAnimationHeaders (= 0.66.3-3)
    - React-jsi (= 0.66.3-3)
    - ReactCommon/turbomodule/core (= 0.66.3-3)
  - React-RCTBlob (0.66.3-3):
    - FBReactNativeSpec (= 0.66.3-3)
    - RCT-Folly (= 2021.06.28.00-v2)
    - React-Core/RCTBlobHeaders (= 0.66.3-3)
    - React-Core/RCTWebSocket (= 0.66.3-3)
    - React-jsi (= 0.66.3-3)
    - React-RCTNetwork (= 0.66.3-3)
    - ReactCommon/turbomodule/core (= 0.66.3-3)
  - React-RCTImage (0.66.3-3):
    - FBReactNativeSpec (= 0.66.3-3)
    - RCT-Folly (= 2021.06.28.00-v2)
    - RCTTypeSafety (= 0.66.3-3)
    - React-Core/RCTImageHeaders (= 0.66.3-3)
    - React-jsi (= 0.66.3-3)
    - React-RCTNetwork (= 0.66.3-3)
    - ReactCommon/turbomodule/core (= 0.66.3-3)
  - React-RCTLinking (0.66.3-3):
    - FBReactNativeSpec (= 0.66.3-3)
    - React-Core/RCTLinkingHeaders (= 0.66.3-3)
    - React-jsi (= 0.66.3-3)
    - ReactCommon/turbomodule/core (= 0.66.3-3)
  - React-RCTNetwork (0.66.3-3):
    - FBReactNativeSpec (= 0.66.3-3)
    - RCT-Folly (= 2021.06.28.00-v2)
    - RCTTypeSafety (= 0.66.3-3)
    - React-Core/RCTNetworkHeaders (= 0.66.3-3)
    - React-jsi (= 0.66.3-3)
    - ReactCommon/turbomodule/core (= 0.66.3-3)
  - React-RCTSettings (0.66.3-3):
    - FBReactNativeSpec (= 0.66.3-3)
    - RCT-Folly (= 2021.06.28.00-v2)
    - RCTTypeSafety (= 0.66.3-3)
    - React-Core/RCTSettingsHeaders (= 0.66.3-3)
    - React-jsi (= 0.66.3-3)
    - ReactCommon/turbomodule/core (= 0.66.3-3)
  - React-RCTText (0.66.3-3):
    - React-Core/RCTTextHeaders (= 0.66.3-3)
  - React-runtimeexecutor (0.66.3-3):
    - React-jsi (= 0.66.3-3)
  - ReactCommon/turbomodule/core (0.66.3-3):
    - DoubleConversion
    - glog
    - RCT-Folly (= 2021.06.28.00-v2)
    - React-callinvoker (= 0.66.3-3)
    - React-Core (= 0.66.3-3)
    - React-cxxreact (= 0.66.3-3)
    - React-jsi (= 0.66.3-3)
    - React-logger (= 0.66.3-3)
    - React-perflogger (= 0.66.3-3)
  - RNCMaskedView (0.2.8):
    - React-Core
  - RNDeviceInfo (10.3.0):
    - React-Core
  - RNFastImage (8.5.11):
    - React-Core
    - SDWebImage (~> 5.11.1)
    - SDWebImageWebPCoder (~> 0.8.4)
  - RNScreens (3.13.1):
    - React-Core
    - React-RCTImage
  - SDWebImage (5.11.1):
    - SDWebImage/Core (= 5.11.1)
  - SDWebImage/Core (5.11.1)
  - SDWebImageWebPCoder (0.8.4):
    - libwebp (~> 1.0)
    - SDWebImage/Core (~> 5.10)
  - Yoga (1.14.0)
  - YogaKit (1.18.1):
    - Yoga (~> 1.14)

DEPENDENCIES:
  - boost (from `../node_modules/react-native/third-party-podspecs/boost.podspec`)
  - BVLinearGradient (from `../node_modules/react-native-linear-gradient`)
  - DoubleConversion (from `../node_modules/react-native/third-party-podspecs/DoubleConversion.podspec`)
  - FBLazyVector (from `../node_modules/react-native/Libraries/FBLazyVector`)
  - FBReactNativeSpec (from `../node_modules/react-native/React/FBReactNativeSpec`)
  - Flipper (= 0.99.0)
  - Flipper-Boost-iOSX (= 1.76.0.1.11)
  - Flipper-DoubleConversion (= 3.1.7)
  - Flipper-Fmt (= 7.1.7)
  - Flipper-Folly (= 2.6.7)
  - Flipper-Glog (= 0.3.6)
  - Flipper-PeerTalk (= 0.0.4)
  - Flipper-RSocket (= 1.4.3)
  - FlipperKit (= 0.99.0)
  - FlipperKit/Core (= 0.99.0)
  - FlipperKit/CppBridge (= 0.99.0)
  - FlipperKit/FBCxxFollyDynamicConvert (= 0.99.0)
  - FlipperKit/FBDefines (= 0.99.0)
  - FlipperKit/FKPortForwarding (= 0.99.0)
  - FlipperKit/FlipperKitHighlightOverlay (= 0.99.0)
  - FlipperKit/FlipperKitLayoutPlugin (= 0.99.0)
  - FlipperKit/FlipperKitLayoutTextSearchable (= 0.99.0)
  - FlipperKit/FlipperKitNetworkPlugin (= 0.99.0)
  - FlipperKit/FlipperKitReactPlugin (= 0.99.0)
  - FlipperKit/FlipperKitUserDefaultsPlugin (= 0.99.0)
  - FlipperKit/SKIOSNetworkPlugin (= 0.99.0)
  - fmt (from `../node_modules/react-native/third-party-podspecs/fmt.podspec`)
  - glog (from `../node_modules/react-native/third-party-podspecs/glog.podspec`)
  - RCT-Folly (from `../node_modules/react-native/third-party-podspecs/RCT-Folly.podspec`)
  - RCTRequired (from `../node_modules/react-native/Libraries/RCTRequired`)
  - RCTTypeSafety (from `../node_modules/react-native/Libraries/TypeSafety`)
  - React (from `../node_modules/react-native/`)
  - React-callinvoker (from `../node_modules/react-native/ReactCommon/callinvoker`)
  - React-Core (from `../node_modules/react-native/`)
  - React-Core/DevSupport (from `../node_modules/react-native/`)
  - React-Core/RCTWebSocket (from `../node_modules/react-native/`)
  - React-CoreModules (from `../node_modules/react-native/React/CoreModules`)
  - React-cxxreact (from `../node_modules/react-native/ReactCommon/cxxreact`)
  - React-jsi (from `../node_modules/react-native/ReactCommon/jsi`)
  - React-jsiexecutor (from `../node_modules/react-native/ReactCommon/jsiexecutor`)
  - React-jsinspector (from `../node_modules/react-native/ReactCommon/jsinspector`)
  - React-logger (from `../node_modules/react-native/ReactCommon/logger`)
  - react-native-config (from `../node_modules/react-native-config`)
  - react-native-flipper (from `../node_modules/react-native-flipper`)
  - react-native-safe-area-context (from `../node_modules/react-native-safe-area-context`)
  - React-perflogger (from `../node_modules/react-native/ReactCommon/reactperflogger`)
  - React-RCTAnimation (from `../node_modules/react-native/Libraries/NativeAnimation`)
  - React-RCTBlob (from `../node_modules/react-native/Libraries/Blob`)
  - React-RCTImage (from `../node_modules/react-native/Libraries/Image`)
  - React-RCTLinking (from `../node_modules/react-native/Libraries/LinkingIOS`)
  - React-RCTNetwork (from `../node_modules/react-native/Libraries/Network`)
  - React-RCTSettings (from `../node_modules/react-native/Libraries/Settings`)
  - React-RCTText (from `../node_modules/react-native/Libraries/Text`)
  - React-runtimeexecutor (from `../node_modules/react-native/ReactCommon/runtimeexecutor`)
  - ReactCommon/turbomodule/core (from `../node_modules/react-native/ReactCommon`)
  - "RNCMaskedView (from `../node_modules/@react-native-masked-view/masked-view`)"
  - RNDeviceInfo (from `../node_modules/react-native-device-info`)
  - RNFastImage (from `../node_modules/react-native-fast-image`)
  - RNScreens (from `../node_modules/react-native-screens`)
  - Yoga (from `../node_modules/react-native/ReactCommon/yoga`)

SPEC REPOS:
  trunk:
    - CocoaAsyncSocket
    - Flipper
    - Flipper-Boost-iOSX
    - Flipper-DoubleConversion
    - Flipper-Fmt
    - Flipper-Folly
    - Flipper-Glog
    - Flipper-PeerTalk
    - Flipper-RSocket
    - FlipperKit
    - libevent
    - libwebp
    - OpenSSL-Universal
    - SDWebImage
    - SDWebImageWebPCoder
    - YogaKit

EXTERNAL SOURCES:
  boost:
    :podspec: "../node_modules/react-native/third-party-podspecs/boost.podspec"
  BVLinearGradient:
    :path: "../node_modules/react-native-linear-gradient"
  DoubleConversion:
    :podspec: "../node_modules/react-native/third-party-podspecs/DoubleConversion.podspec"
  FBLazyVector:
    :path: "../node_modules/react-native/Libraries/FBLazyVector"
  FBReactNativeSpec:
    :path: "../node_modules/react-native/React/FBReactNativeSpec"
  fmt:
    :podspec: "../node_modules/react-native/third-party-podspecs/fmt.podspec"
  glog:
    :podspec: "../node_modules/react-native/third-party-podspecs/glog.podspec"
  RCT-Folly:
    :podspec: "../node_modules/react-native/third-party-podspecs/RCT-Folly.podspec"
  RCTRequired:
    :path: "../node_modules/react-native/Libraries/RCTRequired"
  RCTTypeSafety:
    :path: "../node_modules/react-native/Libraries/TypeSafety"
  React:
    :path: "../node_modules/react-native/"
  React-callinvoker:
    :path: "../node_modules/react-native/ReactCommon/callinvoker"
  React-Core:
    :path: "../node_modules/react-native/"
  React-CoreModules:
    :path: "../node_modules/react-native/React/CoreModules"
  React-cxxreact:
    :path: "../node_modules/react-native/ReactCommon/cxxreact"
  React-jsi:
    :path: "../node_modules/react-native/ReactCommon/jsi"
  React-jsiexecutor:
    :path: "../node_modules/react-native/ReactCommon/jsiexecutor"
  React-jsinspector:
    :path: "../node_modules/react-native/ReactCommon/jsinspector"
  React-logger:
    :path: "../node_modules/react-native/ReactCommon/logger"
  react-native-config:
    :path: "../node_modules/react-native-config"
  react-native-flipper:
    :path: "../node_modules/react-native-flipper"
  react-native-safe-area-context:
    :path: "../node_modules/react-native-safe-area-context"
  React-perflogger:
    :path: "../node_modules/react-native/ReactCommon/reactperflogger"
  React-RCTAnimation:
    :path: "../node_modules/react-native/Libraries/NativeAnimation"
  React-RCTBlob:
    :path: "../node_modules/react-native/Libraries/Blob"
  React-RCTImage:
    :path: "../node_modules/react-native/Libraries/Image"
  React-RCTLinking:
    :path: "../node_modules/react-native/Libraries/LinkingIOS"
  React-RCTNetwork:
    :path: "../node_modules/react-native/Libraries/Network"
  React-RCTSettings:
    :path: "../node_modules/react-native/Libraries/Settings"
  React-RCTText:
    :path: "../node_modules/react-native/Libraries/Text"
  React-runtimeexecutor:
    :path: "../node_modules/react-native/ReactCommon/runtimeexecutor"
  ReactCommon:
    :path: "../node_modules/react-native/ReactCommon"
  RNCMaskedView:
    :path: "../node_modules/@react-native-masked-view/masked-view"
  RNDeviceInfo:
    :path: "../node_modules/react-native-device-info"
  RNFastImage:
    :path: "../node_modules/react-native-fast-image"
  RNScreens:
    :path: "../node_modules/react-native-screens"
  Yoga:
    :path: "../node_modules/react-native/ReactCommon/yoga"

SPEC CHECKSUMS:
  boost: a7c83b31436843459a1961bfd74b96033dc77234
  BVLinearGradient: 34a999fda29036898a09c6a6b728b0b4189e1a44
  CocoaAsyncSocket: 065fd1e645c7abab64f7a6a2007a48038fdc6a99
  DoubleConversion: 1d2f3470dfd56717030d0855f8332361bbd85236
  FBLazyVector: 26990ebb0226fda1923ecf403430db663cdd758a
  FBReactNativeSpec: 21c6ec6a49b5ae787ebdf482326eaf8efa3ee3ea
  Flipper: 30e8eeeed6abdc98edaf32af0cda2f198be4b733
  Flipper-Boost-iOSX: fd1e2b8cbef7e662a122412d7ac5f5bea715403c
  Flipper-DoubleConversion: 57ffbe81ef95306cc9e69c4aa3aeeeeb58a6a28c
  Flipper-Fmt: 60cbdd92fc254826e61d669a5d87ef7015396a9b
  Flipper-Folly: 83af37379faa69497529e414bd43fbfc7cae259a
  Flipper-Glog: 1dfd6abf1e922806c52ceb8701a3599a79a200a6
  Flipper-PeerTalk: 116d8f857dc6ef55c7a5a75ea3ceaafe878aadc9
  Flipper-RSocket: d9d9ade67cbecf6ac10730304bf5607266dd2541
  FlipperKit: d8d346844eca5d9120c17d441a2f38596e8ed2b9
  fmt: 135c0c55547979f715b56dfa54037ececa96d07a
  glog: 1c24d0cb9571f9d51d9f9344be9ddadea3e624de
  libevent: 4049cae6c81cdb3654a443be001fb9bdceff7913
  libwebp: 98a37e597e40bfdb4c911fc98f2c53d0b12d05fc
  OpenSSL-Universal: 1aa4f6a6ee7256b83db99ec1ccdaa80d10f9af9b
  RCT-Folly: ea6909cf09054ba87b406a21b14ec6799ce77686
  RCTRequired: bb1528843833612e4a159424dbd658e003ebb63f
  RCTTypeSafety: 2f5ec373df34beef3f61a530cd56e78be5b9b91f
  React: a0c8582f60a8e9f8ca78060ed7582ae60f3f9803
  React-callinvoker: 7bca7d1d98a60a6e7d4c02eaa2349f8349d90087
  React-Core: 826b2304a3dbf94f0cc4c6cb4603adca0d1f4bd4
  React-CoreModules: de16a1431f4a9e5156ebc43a2d79d26031794b07
  React-cxxreact: 1e9a1d71072dccbddacada90698359094843988f
  React-jsi: 5ca1319b005655e45dfbcca1fd19522ab668e38c
  React-jsiexecutor: 70d6a1f201f7b2138986b3dd8f8279d052d7560a
  React-jsinspector: 243d2568fd2f8e7dc205f7f6348299cbacdbcfea
  React-logger: 36c88aca8116143dc13d81e3a4827a22e3d8ad2a
  react-native-config: bcafda5b4c51491ee1b0e1d0c4e3905bc7b56c1b
  react-native-flipper: 9ce0e50fc10cb4786901de4fa4c8726b4651b1ad
  react-native-safe-area-context: f98b0b16d1546d208fc293b4661e3f81a895afd9
  React-perflogger: 6e16efccb02477446c08fe194278928e3c000d2c
  React-RCTAnimation: 68f624a56b41e2928a90ab0b241b3e2f0bc6252f
  React-RCTBlob: e890299ee8eb9993e9022731d9df475c22c77d76
  React-RCTImage: 1a6beafd56d09deecbed7881d43edb9da9443a2b
  React-RCTLinking: c6535d1e59e69d5dd57b94700954e0c4904a2319
  React-RCTNetwork: 08aa60bfe550070a84241dbe4c424b12bdc60188
  React-RCTSettings: 4083d69a57c3e0caa259ee5bfd9ab2df6ad66354
  React-RCTText: 2aa2427330de1a5973e544aff9075fae97b09db6
  React-runtimeexecutor: cb9e4f83b8fbd7afda099c9d3f9a16f3ce9e8aaa
  ReactCommon: bda18138592ca35e3af70d2d299b300782057d18
  RNCMaskedView: bc0170f389056201c82a55e242e5d90070e18e5a
  RNDeviceInfo: 4701f0bf2a06b34654745053db0ce4cb0c53ada7
  RNFastImage: 1f2cab428712a4baaf78d6169eaec7f622556dd7
  RNScreens: 40a2cb40a02a609938137a1e0acfbf8fc9eebf19
  SDWebImage: a7f831e1a65eb5e285e3fb046a23fcfbf08e696d
  SDWebImageWebPCoder: f93010f3f6c031e2f8fb3081ca4ee6966c539815
  Yoga: 2a068c7756132e680ff1f7cd51fb6fd115a0d4db
  YogaKit: f782866e155069a2cca2517aafea43200b01fd5a

PODFILE CHECKSUM: f7e4c9aa7a5e3e5be936d857c990e7c56c4e1e56

COCOAPODS: 1.11.3
